
Microsoft Visual Studio Solution File, Format Version 12.00
# Visual Studio Version 17
VisualStudioVersion = 17.2.32526.322
MinimumVisualStudioVersion = 10.0.40219.1
Project("{FAE04EC0-301F-11D3-BF4B-00C04F79EFBC}") = "Soccer_Score", "Soccer_Score\Soccer_Score.csproj", "{24B82AE7-CB94-46A8-87CF-711486309EFC}"
EndProject
Global
	GlobalSection(SolutionConfigurationPlatforms) = preSolution
		Debug|Any CPU = Debug|Any CPU
		Release|Any CPU = Release|Any CPU
	EndGlobalSection
	GlobalSection(ProjectConfigurationPlatforms) = postSolution
		{24B82AE7-CB94-46A8-87CF-711486309EFC}.Debug|Any CPU.ActiveCfg = Debug|Any CPU
		{24B82AE7-CB94-46A8-87CF-711486309EFC}.Debug|Any CPU.Build.0 = Debug|Any CPU
		{24B82AE7-CB94-46A8-87CF-711486309EFC}.Release|Any CPU.ActiveCfg = Release|Any CPU
		{24B82AE7-CB94-46A8-87CF-711486309EFC}.Release|Any CPU.Build.0 = Release|Any CPU
	EndGlobalSection
	GlobalSection(SolutionProperties) = preSolution
		HideSolutionNode = FALSE
	EndGlobalSection
	GlobalSection(ExtensibilityGlobals) = postSolution
		SolutionGuid = {5FE4218A-FA60-4650-9D49-4D82F7FE8450}
	EndGlobalSection
EndGlobal
